# THIS IS AN AUTOGENERATED FILE. DO NOT EDIT THIS FILE DIRECTLY.
# yarn lockfile v1


"@coreui/vue@^4.6.0":
  version "4.6.0"
  resolved "https://registry.yarnpkg.com/@coreui/vue/-/vue-4.6.0.tgz#700d877109059d90c3dceb6c7281f12c2ad49d82"
  integrity sha512-sMmo0XC+ZOE+xs4LRlf/CpEOs1SDsEPK46QLSXbzVJ8nlUn7tbcjOM+Q6UYOl9aBHZv6z+1VXfV2cmm5/5L/QA==
